
Microsoft Visual Studio Solution File, Format Version 12.00
# Visual Studio Version 17
VisualStudioVersion = 17.11.35312.102
MinimumVisualStudioVersion = 10.0.40219.1
Project("{FAE04EC0-301F-11D3-BF4B-00C04F79EFBC}") = "TestEvent", "TestEvent\TestEvent.csproj", "{AFBA5DD0-B009-4926-B2A4-B8F11E052ABE}"
EndProject
Global
	GlobalSection(SolutionConfigurationPlatforms) = preSolution
		Debug|Any CPU = Debug|Any CPU
		Release|Any CPU = Release|Any CPU
	EndGlobalSection
	GlobalSection(ProjectConfigurationPlatforms) = postSolution
		{AFBA5DD0-B009-4926-B2A4-B8F11E052ABE}.Debug|Any CPU.ActiveCfg = Debug|Any CPU
		{AFBA5DD0-B009-4926-B2A4-B8F11E052ABE}.Debug|Any CPU.Build.0 = Debug|Any CPU
		{AFBA5DD0-B009-4926-B2A4-B8F11E052ABE}.Release|Any CPU.ActiveCfg = Release|Any CPU
		{AFBA5DD0-B009-4926-B2A4-B8F11E052ABE}.Release|Any CPU.Build.0 = Release|Any CPU
	EndGlobalSection
	GlobalSection(SolutionProperties) = preSolution
		HideSolutionNode = FALSE
	EndGlobalSection
	GlobalSection(ExtensibilityGlobals) = postSolution
		SolutionGuid = {E26888E0-F2E0-4AA4-8E1B-C32EA5DE567E}
	EndGlobalSection
EndGlobal
